GEM
  remote: https://rubygems.org/
  specs:
    bcrypt (3.1.22)
    bigdecimal (4.1.2)
    concurrent-ruby (1.3.8)
    dotenv (3.2.0)
    dry-auto_inject (1.2.1)
      dry-core (~> 1.1)
      zeitwerk (~> 2.6)
    dry-configurable (1.4.0)
      dry-core (~> 1.0)
      zeitwerk (~> 2.6)
    dry-core (1.2.0)
      concurrent-ruby (~> 1.0)
      logger
      zeitwerk (~> 2.6)
    dry-inflector (1.3.1)
    dry-monads (1.10.0)
      concurrent-ruby (~> 1.0)
      dry-core (~> 1.1)
      zeitwerk (~> 2.6)
    dry-system (1.2.5)
      dry-auto_inject (~> 1.1)
      dry-configurable (~> 1.3)
      dry-core (~> 1.1)
      dry-inflector (~> 1.1)
    erubi (1.13.1)
    kramdown (2.5.2)
      rexml (>= 3.4.4)
    kramdown-parser-gfm (1.1.0)
      kramdown (~> 2.0)
    logger (1.7.0)
    minitest (5.27.0)
    nio4r (2.7.5)
    puma (8.0.2)
      nio4r (~> 2.0)
    rack (3.2.7)
    rack-test (2.2.0)
      rack (>= 1.3)
    rexml (3.4.4)
    roda (3.107.0)
      rack
    rodauth (2.45.0)
      roda (>= 2.6.0)
      sequel (>= 4)
    sequel (5.107.0)
      bigdecimal
    sqlite3 (2.9.6-x86_64-linux-gnu)
    sqlite3 (2.9.6-x86_64-linux-musl)
    tilt (2.8.0)
    zeitwerk (2.8.3)

PLATFORMS
  x86_64-linux
  x86_64-linux-musl

DEPENDENCIES
  bcrypt (~> 3.1)
  concurrent-ruby (~> 1.3)
  dotenv (~> 3.1)
  dry-auto_inject (~> 1.2)
  dry-configurable (~> 1.4)
  dry-monads (~> 1.10)
  dry-system (~> 1.2)
  erubi (~> 1.13)
  kramdown (~> 2.5)
  kramdown-parser-gfm (~> 1.1)
  minitest (~> 5.25)
  puma (~> 8.0)
  rack-test (~> 2.2)
  roda (~> 3.107)
  rodauth (~> 2.45)
  sequel (~> 5.107)
  sqlite3 (~> 2.9)
  tilt (~> 2.6)

CHECKSUMS
  bcrypt (3.1.22) sha256=1f0072e88c2d705d94aff7f2c5cb02eb3f1ec4b8368671e19112527489f29032
  bigdecimal (4.1.2) sha256=53d217666027eab4280346fba98e7d5b66baaae1b9c3c1c0ffe89d48188a3fbd
  bundler (4.0.12) sha256=7f8b757d28dfb636e7b24fba2344ac6dd13b5b24f4b46d62573d483f211825ac
  concurrent-ruby (1.3.8) sha256=b2f1be836e968ccc78ccfce277ea79c72a88633f22306782c16ff23fb415d1e1
  dotenv (3.2.0) sha256=e375b83121ea7ca4ce20f214740076129ab8514cd81378161f11c03853fe619d
  dry-auto_inject (1.2.1) sha256=dedddc8a13fcdf320def7d6741ce7d6da48d749c6d43175ef0072c0be2ba47c8
  dry-configurable (1.4.0) sha256=e35d1b5f3c081753ef361f564919db79000f32cfa6f20ee3a3ba5921b41b73ce
  dry-core (1.2.0) sha256=0cc5a7da88df397f153947eeeae42e876e999c1e30900f3c536fb173854e96a1
  dry-inflector (1.3.1) sha256=7fb0c2bb04f67638f25c52e7ba39ab435d922a3a5c3cd196120f63accb682dcc
  dry-monads (1.10.0) sha256=68c90d77617c6ce88d60704fc3b233907e6320974152fe75ad947f968006ca39
  dry-system (1.2.5) sha256=a02f57c18cbcc6c9c4ea99a7eed0afc830263d2051c855a46a7229ea3708d143
  erubi (1.13.1) sha256=a082103b0885dbc5ecf1172fede897f9ebdb745a4b97a5e8dc63953db1ee4ad9
  kramdown (2.5.2) sha256=1ba542204c66b6f9111ff00dcc26075b95b220b07f2905d8261740c82f7f02fa
  kramdown-parser-gfm (1.1.0) sha256=fb39745516427d2988543bf01fc4cf0ab1149476382393e0e9c48592f6581729
  logger (1.7.0) sha256=196edec7cc44b66cfb40f9755ce11b392f21f7967696af15d274dde7edff0203
  minitest (5.27.0) sha256=2d3b17f8a36fe7801c1adcffdbc38233b938eb0b4966e97a6739055a45fa77d5
  nio4r (2.7.5) sha256=6c90168e48fb5f8e768419c93abb94ba2b892a1d0602cb06eef16d8b7df1dca1
  puma (8.0.2) sha256=c8ed871dfbbe66448ea9ffd46692342d9804d4071522b52b5331b7b6e7b686fb
  rack (3.2.7) sha256=93e13e1c24f93556671d85d2d79fa228c3485815c50d7e2f265b5330c6528fb7
  rack-test (2.2.0) sha256=005a36692c306ac0b4a9350355ee080fd09ddef1148a5f8b2ac636c720f5c463
  rexml (3.4.4) sha256=19e0a2c3425dfbf2d4fc1189747bdb2f849b6c5e74180401b15734bc97b5d142
  roda (3.107.0) sha256=bf40c7a0f1fcd037ec10589a1dc98fc52ced1aece803670194ec7af0f0c77c06
  rodauth (2.45.0) sha256=0f202a761b08059a926ec77ef15670c7af36051f64e55b1bd66ff641b83cddf8
  sequel (5.107.0) sha256=019629313205295b007f6df2c5eab19ddc40710d549fd445ac300f2853a370db
  sqlite3 (2.9.6-x86_64-linux-gnu) sha256=613188ce02f614126ddbc38c5e217ccffd6306d0dcd9adca9764547aa890a634
  sqlite3 (2.9.6-x86_64-linux-musl) sha256=d493b11818a3573387a1d56e1ee8fa00da23a683a7a1cc063e7a0feeed843abf
  tilt (2.8.0) sha256=ba472eb2716fe1e04112d6d219a9dae938ec09a6a1e2ad3ecc7922e79bde3721
  zeitwerk (2.8.3) sha256=2c85125a8467ce069e20123d1e709a08955c9d29c118c25b46b7b7fafdbb92e5

RUBY VERSION
  ruby 3.4.2

BUNDLED WITH
  4.0.12
